
Microsoft Visual Studio Solution File, Format Version 12.00
# Visual Studio Version 16
VisualStudioVersion = 16.0.30413.136
MinimumVisualStudioVersion = 10.0.40219.1
Project("{FAE04EC0-301F-11D3-BF4B-00C04F79EFBC}") = "ChatSample", "ChatSample\ChatSample.csproj", "{C6F96306-FFD3-401E-AD59-BFD24DA546B4}"
EndProject
Global
	GlobalSection(SolutionConfigurationPlatforms) = preSolution
		Debug|Any CPU = Debug|Any CPU
		Release|Any CPU = Release|Any CPU
	EndGlobalSection
	GlobalSection(ProjectConfigurationPlatforms) = postSolution
		{C6F96306-FFD3-401E-AD59-BFD24DA546B4}.Debug|Any CPU.ActiveCfg = Debug|Any CPU
		{C6F96306-FFD3-401E-AD59-BFD24DA546B4}.Debug|Any CPU.Build.0 = Debug|Any CPU
		{C6F96306-FFD3-401E-AD59-BFD24DA546B4}.Release|Any CPU.ActiveCfg = Release|Any CPU
		{C6F96306-FFD3-401E-AD59-BFD24DA546B4}.Release|Any CPU.Build.0 = Release|Any CPU
	EndGlobalSection
	GlobalSection(SolutionProperties) = preSolution
		HideSolutionNode = FALSE
	EndGlobalSection
	GlobalSection(ExtensibilityGlobals) = postSolution
		SolutionGuid = {287ADA58-F9F9-4593-BD84-EB2767585783}
	EndGlobalSection
EndGlobal
